
Microsoft Visual Studio Solution File, Format Version 12.00
# Visual Studio 15
VisualStudioVersion = 15.0.27428.2043
MinimumVisualStudioVersion = 10.0.40219.1
Project("{FAE04EC0-301F-11D3-BF4B-00C04F79EFBC}") = "dicrisif_Assignment13", "dicrisif_Assignment13\dicrisif_Assignment13.csproj", "{1754E9B6-D445-4CFD-8ACB-3D274FD47F6E}"
EndProject
Global
	GlobalSection(SolutionConfigurationPlatforms) = preSolution
		Debug|Any CPU = Debug|Any CPU
		Release|Any CPU = Release|Any CPU
	EndGlobalSection
	GlobalSection(ProjectConfigurationPlatforms) = postSolution
		{1754E9B6-D445-4CFD-8ACB-3D274FD47F6E}.Debug|Any CPU.ActiveCfg = Debug|Any CPU
		{1754E9B6-D445-4CFD-8ACB-3D274FD47F6E}.Debug|Any CPU.Build.0 = Debug|Any CPU
		{1754E9B6-D445-4CFD-8ACB-3D274FD47F6E}.Release|Any CPU.ActiveCfg = Release|Any CPU
		{1754E9B6-D445-4CFD-8ACB-3D274FD47F6E}.Release|Any CPU.Build.0 = Release|Any CPU
	EndGlobalSection
	GlobalSection(SolutionProperties) = preSolution
		HideSolutionNode = FALSE
	EndGlobalSection
	GlobalSection(ExtensibilityGlobals) = postSolution
		SolutionGuid = {59FECFA0-7369-48F1-A4F2-B9BE3F86A8E1}
	EndGlobalSection
EndGlobal
